
Microsoft Visual Studio Solution File, Format Version 11.00
# Visual Studio 2010
Project("{FAE04EC0-301F-11D3-BF4B-00C04F79EFBC}") = "1. FillingMatrix", "1. FillingMatrix\1. FillingMatrix.csproj", "{C6FEAC95-EFE3-487E-B0FF-802DB5120203}"
EndProject
Project("{FAE04EC0-301F-11D3-BF4B-00C04F79EFBC}") = "00. Demos", "00. Demos\00. Demos.csproj", "{4FEC36DD-5EE0-4860-A94C-562D290C60D3}"
EndProject
Project("{FAE04EC0-301F-11D3-BF4B-00C04F79EFBC}") = "2. MaxPlatform3x3", "2. MaxPlatform3x3\2. MaxPlatform3x3.csproj", "{9F938BB0-07CB-42A8-8B20-42F9866EAEB3}"
EndProject
Project("{FAE04EC0-301F-11D3-BF4B-00C04F79EFBC}") = "3. MaxSequenceinRowColDiag", "3. MaxSequenceinRowColDiag\3. MaxSequenceinRowColDiag.csproj", "{83520F02-E3B3-4A1B-BD73-04E79302E18A}"
EndProject
Project("{FAE04EC0-301F-11D3-BF4B-00C04F79EFBC}") = "4. BinSearchLessThenK", "4. BinSearchLessThenK\4. BinSearchLessThenK.csproj", "{68C05687-A90F-4A1D-AA7B-40DB7ED0DF3A}"
EndProject
Project("{FAE04EC0-301F-11D3-BF4B-00C04F79EFBC}") = "5. SortStringArrayByItsLength", "5. SortStringArrayByItsLength\5. SortStringArrayByItsLength.csproj", "{E6E5753B-A88B-4518-9A25-B0B295677E3C}"
EndProject
Project("{FAE04EC0-301F-11D3-BF4B-00C04F79EFBC}") = "7. LargestAreaOfEqualElements", "7. LargestAreaOfEqualElements\7. LargestAreaOfEqualElements.csproj", "{D803F420-5BC1-45EB-825A-ED185129E5BE}"
EndProject
Global
	GlobalSection(SolutionConfigurationPlatforms) = preSolution
		Debug|x86 = Debug|x86
		Release|x86 = Release|x86
	EndGlobalSection
	GlobalSection(ProjectConfigurationPlatforms) = postSolution
		{C6FEAC95-EFE3-487E-B0FF-802DB5120203}.Debug|x86.ActiveCfg = Debug|x86
		{C6FEAC95-EFE3-487E-B0FF-802DB5120203}.Debug|x86.Build.0 = Debug|x86
		{C6FEAC95-EFE3-487E-B0FF-802DB5120203}.Release|x86.ActiveCfg = Release|x86
		{C6FEAC95-EFE3-487E-B0FF-802DB5120203}.Release|x86.Build.0 = Release|x86
		{4FEC36DD-5EE0-4860-A94C-562D290C60D3}.Debug|x86.ActiveCfg = Debug|x86
		{4FEC36DD-5EE0-4860-A94C-562D290C60D3}.Debug|x86.Build.0 = Debug|x86
		{4FEC36DD-5EE0-4860-A94C-562D290C60D3}.Release|x86.ActiveCfg = Release|x86
		{4FEC36DD-5EE0-4860-A94C-562D290C60D3}.Release|x86.Build.0 = Release|x86
		{9F938BB0-07CB-42A8-8B20-42F9866EAEB3}.Debug|x86.ActiveCfg = Debug|x86
		{9F938BB0-07CB-42A8-8B20-42F9866EAEB3}.Debug|x86.Build.0 = Debug|x86
		{9F938BB0-07CB-42A8-8B20-42F9866EAEB3}.Release|x86.ActiveCfg = Release|x86
		{9F938BB0-07CB-42A8-8B20-42F9866EAEB3}.Release|x86.Build.0 = Release|x86
		{83520F02-E3B3-4A1B-BD73-04E79302E18A}.Debug|x86.ActiveCfg = Debug|x86
		{83520F02-E3B3-4A1B-BD73-04E79302E18A}.Debug|x86.Build.0 = Debug|x86
		{83520F02-E3B3-4A1B-BD73-04E79302E18A}.Release|x86.ActiveCfg = Release|x86
		{83520F02-E3B3-4A1B-BD73-04E79302E18A}.Release|x86.Build.0 = Release|x86
		{68C05687-A90F-4A1D-AA7B-40DB7ED0DF3A}.Debug|x86.ActiveCfg = Debug|x86
		{68C05687-A90F-4A1D-AA7B-40DB7ED0DF3A}.Debug|x86.Build.0 = Debug|x86
		{68C05687-A90F-4A1D-AA7B-40DB7ED0DF3A}.Release|x86.ActiveCfg = Release|x86
		{68C05687-A90F-4A1D-AA7B-40DB7ED0DF3A}.Release|x86.Build.0 = Release|x86
		{E6E5753B-A88B-4518-9A25-B0B295677E3C}.Debug|x86.ActiveCfg = Debug|x86
		{E6E5753B-A88B-4518-9A25-B0B295677E3C}.Debug|x86.Build.0 = Debug|x86
		{E6E5753B-A88B-4518-9A25-B0B295677E3C}.Release|x86.ActiveCfg = Release|x86
		{E6E5753B-A88B-4518-9A25-B0B295677E3C}.Release|x86.Build.0 = Release|x86
		{D803F420-5BC1-45EB-825A-ED185129E5BE}.Debug|x86.ActiveCfg = Debug|x86
		{D803F420-5BC1-45EB-825A-ED185129E5BE}.Debug|x86.Build.0 = Debug|x86
		{D803F420-5BC1-45EB-825A-ED185129E5BE}.Release|x86.ActiveCfg = Release|x86
		{D803F420-5BC1-45EB-825A-ED185129E5BE}.Release|x86.Build.0 = Release|x86
	EndGlobalSection
	GlobalSection(SolutionProperties) = preSolution
		HideSolutionNode = FALSE
	EndGlobalSection
EndGlobal
