
Microsoft Visual Studio Solution File, Format Version 12.00
# Visual Studio 2012
Project("{FAE04EC0-301F-11D3-BF4B-00C04F79EFBC}") = "2. ReadAndReverseString", "2. ReadAndReverseString\2. ReadAndReverseString.csproj", "{B445AFAA-2F90-4F05-9C2D-07CCD1073EFD}"
EndProject
Project("{FAE04EC0-301F-11D3-BF4B-00C04F79EFBC}") = "3. CheckExpressionBrackets", "3. CheckExpressionBrackets\3. CheckExpressionBrackets.csproj", "{2F11B354-A915-428E-AF75-549879530A46}"
EndProject
Project("{FAE04EC0-301F-11D3-BF4B-00C04F79EFBC}") = "4. CountSubstringIN", "4. CountSubstringIN\4. CountSubstringIN.csproj", "{A5745C70-948C-43B7-A58A-1A97286C6184}"
EndProject
Project("{FAE04EC0-301F-11D3-BF4B-00C04F79EFBC}") = "5. UpcaseTag", "5. UpcaseTag\5. UpcaseTag.csproj", "{AF6AB553-62F3-479A-806A-0458A7137647}"
EndProject
Project("{FAE04EC0-301F-11D3-BF4B-00C04F79EFBC}") = "6. Print20Chars", "6. Print20Chars\6. Print20Chars.csproj", "{BD212F1F-F7CF-418A-8BA1-BC45623FF9DB}"
EndProject
Project("{FAE04EC0-301F-11D3-BF4B-00C04F79EFBC}") = "7. EncryptDecryptText", "7. EncryptDecryptText\7. EncryptDecryptText.csproj", "{54C03458-25BA-4DC1-8921-5CFD3BACF6FC}"
EndProject
Project("{FAE04EC0-301F-11D3-BF4B-00C04F79EFBC}") = "8. ShowSentenceContainingWordIN", "8. ShowSentenceContainingWordIN\8. ShowSentenceContainingWordIN.csproj", "{6911A1A7-E870-4385-B8C8-0CC0526953E4}"
EndProject
Project("{FAE04EC0-301F-11D3-BF4B-00C04F79EFBC}") = "9. ForbiddenWords", "9. ForbiddenWords\9. ForbiddenWords.csproj", "{DEAF0232-E0E9-4CFF-B9C7-F7D45464518D}"
EndProject
Project("{FAE04EC0-301F-11D3-BF4B-00C04F79EFBC}") = "10. UnicodeCharLiterals", "10. UnicodeCharLiterals\10. UnicodeCharLiterals.csproj", "{57406332-D447-4588-BCC3-9B12C1595C46}"
EndProject
Project("{FAE04EC0-301F-11D3-BF4B-00C04F79EFBC}") = "11. PrintFormatedNumber", "11. PrintFormatedNumber\11. PrintFormatedNumber.csproj", "{479DE20E-3741-441A-8732-2E483BBA98AD}"
EndProject
Project("{FAE04EC0-301F-11D3-BF4B-00C04F79EFBC}") = "12. URLParsing", "12. URLParsing\12. URLParsing.csproj", "{F65C4CBA-F3A7-4DF1-A1ED-BABD17A2890C}"
EndProject
Project("{FAE04EC0-301F-11D3-BF4B-00C04F79EFBC}") = "13. ReverseWordsInSentence", "13. ReverseSentence\13. ReverseWordsInSentence.csproj", "{27D59FAC-9209-4658-8EC3-307A9E3D7F8E}"
EndProject
Project("{FAE04EC0-301F-11D3-BF4B-00C04F79EFBC}") = "14. Dictionary", "14. Dictionary\14. Dictionary.csproj", "{1534F66C-6FEE-444F-A5E9-838C851F54A5}"
EndProject
Project("{FAE04EC0-301F-11D3-BF4B-00C04F79EFBC}") = "15. URLReplace", "15. URLReplace\15. URLReplace.csproj", "{36EA0160-930D-492A-A35C-9BBDA4CCE6B5}"
EndProject
Project("{FAE04EC0-301F-11D3-BF4B-00C04F79EFBC}") = "16. DaysBetweenDates", "16. DaysBetweenDates\16. DaysBetweenDates.csproj", "{EE71B217-B67F-4291-A8E4-1E091C3D7A46}"
EndProject
Project("{FAE04EC0-301F-11D3-BF4B-00C04F79EFBC}") = "17. DateTimeAfter6hours", "17. DateTimeAfter6hours\17. DateTimeAfter6hours.csproj", "{E2B1F41A-EE8E-45C3-A25E-DD84C78A0F1C}"
EndProject
Project("{FAE04EC0-301F-11D3-BF4B-00C04F79EFBC}") = "18. ExtractEmails", "18. ExtrackEmails\18. ExtractEmails.csproj", "{E42000BB-671E-433C-B70B-5C300179748C}"
EndProject
Project("{FAE04EC0-301F-11D3-BF4B-00C04F79EFBC}") = "19. ExtractAllMatchesDates", "19. ExtractAllMatchesDates\19. ExtractAllMatchesDates.csproj", "{C043CBBB-FC8F-40B3-88D2-45FB9BBB92A8}"
EndProject
Project("{FAE04EC0-301F-11D3-BF4B-00C04F79EFBC}") = "20. SearchPalindromes", "20. SearchPalindromes\20. SearchPalindromes.csproj", "{47B25B20-127E-4108-A69A-164B3CDF1080}"
EndProject
Project("{FAE04EC0-301F-11D3-BF4B-00C04F79EFBC}") = "21. LettersCount", "21. LettersCount\21. LettersCount.csproj", "{4C7E1288-B317-4168-AE7C-3291418998D5}"
EndProject
Project("{FAE04EC0-301F-11D3-BF4B-00C04F79EFBC}") = "22. WordsCount", "22. WordsCount\22. WordsCount.csproj", "{7F2F9C1A-FA15-4333-AE53-F98E64CE564F}"
EndProject
Project("{FAE04EC0-301F-11D3-BF4B-00C04F79EFBC}") = "23. ReplaceConsecutiveLetters", "23. ReplaceConsecutiveLetters\23. ReplaceConsecutiveLetters.csproj", "{40D758FE-A284-4063-AC54-E2E0E575D845}"
EndProject
Project("{FAE04EC0-301F-11D3-BF4B-00C04F79EFBC}") = "24. AlpabeticalWordOrder", "24. AlpabeticalWordOrder\24. AlpabeticalWordOrder.csproj", "{13F774A6-2E4E-469A-A95D-C986ABB3BB84}"
EndProject
Project("{FAE04EC0-301F-11D3-BF4B-00C04F79EFBC}") = "25. ExtractTextFromHtml", "25. ExtractTextFromHtml\25. ExtractTextFromHtml.csproj", "{A286ACCD-F9BA-4482-8249-BD9345AF8C03}"
EndProject
Global
	GlobalSection(SolutionConfigurationPlatforms) = preSolution
		Debug|Any CPU = Debug|Any CPU
		Release|Any CPU = Release|Any CPU
	EndGlobalSection
	GlobalSection(ProjectConfigurationPlatforms) = postSolution
		{B445AFAA-2F90-4F05-9C2D-07CCD1073EFD}.Debug|Any CPU.ActiveCfg = Debug|Any CPU
		{B445AFAA-2F90-4F05-9C2D-07CCD1073EFD}.Debug|Any CPU.Build.0 = Debug|Any CPU
		{B445AFAA-2F90-4F05-9C2D-07CCD1073EFD}.Release|Any CPU.ActiveCfg = Release|Any CPU
		{B445AFAA-2F90-4F05-9C2D-07CCD1073EFD}.Release|Any CPU.Build.0 = Release|Any CPU
		{2F11B354-A915-428E-AF75-549879530A46}.Debug|Any CPU.ActiveCfg = Debug|Any CPU
		{2F11B354-A915-428E-AF75-549879530A46}.Debug|Any CPU.Build.0 = Debug|Any CPU
		{2F11B354-A915-428E-AF75-549879530A46}.Release|Any CPU.ActiveCfg = Release|Any CPU
		{2F11B354-A915-428E-AF75-549879530A46}.Release|Any CPU.Build.0 = Release|Any CPU
		{A5745C70-948C-43B7-A58A-1A97286C6184}.Debug|Any CPU.ActiveCfg = Debug|Any CPU
		{A5745C70-948C-43B7-A58A-1A97286C6184}.Debug|Any CPU.Build.0 = Debug|Any CPU
		{A5745C70-948C-43B7-A58A-1A97286C6184}.Release|Any CPU.ActiveCfg = Release|Any CPU
		{A5745C70-948C-43B7-A58A-1A97286C6184}.Release|Any CPU.Build.0 = Release|Any CPU
		{AF6AB553-62F3-479A-806A-0458A7137647}.Debug|Any CPU.ActiveCfg = Debug|Any CPU
		{AF6AB553-62F3-479A-806A-0458A7137647}.Debug|Any CPU.Build.0 = Debug|Any CPU
		{AF6AB553-62F3-479A-806A-0458A7137647}.Release|Any CPU.ActiveCfg = Release|Any CPU
		{AF6AB553-62F3-479A-806A-0458A7137647}.Release|Any CPU.Build.0 = Release|Any CPU
		{BD212F1F-F7CF-418A-8BA1-BC45623FF9DB}.Debug|Any CPU.ActiveCfg = Debug|Any CPU
		{BD212F1F-F7CF-418A-8BA1-BC45623FF9DB}.Debug|Any CPU.Build.0 = Debug|Any CPU
		{BD212F1F-F7CF-418A-8BA1-BC45623FF9DB}.Release|Any CPU.ActiveCfg = Release|Any CPU
		{BD212F1F-F7CF-418A-8BA1-BC45623FF9DB}.Release|Any CPU.Build.0 = Release|Any CPU
		{54C03458-25BA-4DC1-8921-5CFD3BACF6FC}.Debug|Any CPU.ActiveCfg = Debug|Any CPU
		{54C03458-25BA-4DC1-8921-5CFD3BACF6FC}.Debug|Any CPU.Build.0 = Debug|Any CPU
		{54C03458-25BA-4DC1-8921-5CFD3BACF6FC}.Release|Any CPU.ActiveCfg = Release|Any CPU
		{54C03458-25BA-4DC1-8921-5CFD3BACF6FC}.Release|Any CPU.Build.0 = Release|Any CPU
		{6911A1A7-E870-4385-B8C8-0CC0526953E4}.Debug|Any CPU.ActiveCfg = Debug|Any CPU
		{6911A1A7-E870-4385-B8C8-0CC0526953E4}.Debug|Any CPU.Build.0 = Debug|Any CPU
		{6911A1A7-E870-4385-B8C8-0CC0526953E4}.Release|Any CPU.ActiveCfg = Release|Any CPU
		{6911A1A7-E870-4385-B8C8-0CC0526953E4}.Release|Any CPU.Build.0 = Release|Any CPU
		{DEAF0232-E0E9-4CFF-B9C7-F7D45464518D}.Debug|Any CPU.ActiveCfg = Debug|Any CPU
		{DEAF0232-E0E9-4CFF-B9C7-F7D45464518D}.Debug|Any CPU.Build.0 = Debug|Any CPU
		{DEAF0232-E0E9-4CFF-B9C7-F7D45464518D}.Release|Any CPU.ActiveCfg = Release|Any CPU
		{DEAF0232-E0E9-4CFF-B9C7-F7D45464518D}.Release|Any CPU.Build.0 = Release|Any CPU
		{57406332-D447-4588-BCC3-9B12C1595C46}.Debug|Any CPU.ActiveCfg = Debug|Any CPU
		{57406332-D447-4588-BCC3-9B12C1595C46}.Debug|Any CPU.Build.0 = Debug|Any CPU
		{57406332-D447-4588-BCC3-9B12C1595C46}.Release|Any CPU.ActiveCfg = Release|Any CPU
		{57406332-D447-4588-BCC3-9B12C1595C46}.Release|Any CPU.Build.0 = Release|Any CPU
		{479DE20E-3741-441A-8732-2E483BBA98AD}.Debug|Any CPU.ActiveCfg = Debug|Any CPU
		{479DE20E-3741-441A-8732-2E483BBA98AD}.Debug|Any CPU.Build.0 = Debug|Any CPU
		{479DE20E-3741-441A-8732-2E483BBA98AD}.Release|Any CPU.ActiveCfg = Release|Any CPU
		{479DE20E-3741-441A-8732-2E483BBA98AD}.Release|Any CPU.Build.0 = Release|Any CPU
		{F65C4CBA-F3A7-4DF1-A1ED-BABD17A2890C}.Debug|Any CPU.ActiveCfg = Debug|Any CPU
		{F65C4CBA-F3A7-4DF1-A1ED-BABD17A2890C}.Debug|Any CPU.Build.0 = Debug|Any CPU
		{F65C4CBA-F3A7-4DF1-A1ED-BABD17A2890C}.Release|Any CPU.ActiveCfg = Release|Any CPU
		{F65C4CBA-F3A7-4DF1-A1ED-BABD17A2890C}.Release|Any CPU.Build.0 = Release|Any CPU
		{27D59FAC-9209-4658-8EC3-307A9E3D7F8E}.Debug|Any CPU.ActiveCfg = Debug|Any CPU
		{27D59FAC-9209-4658-8EC3-307A9E3D7F8E}.Debug|Any CPU.Build.0 = Debug|Any CPU
		{27D59FAC-9209-4658-8EC3-307A9E3D7F8E}.Release|Any CPU.ActiveCfg = Release|Any CPU
		{27D59FAC-9209-4658-8EC3-307A9E3D7F8E}.Release|Any CPU.Build.0 = Release|Any CPU
		{1534F66C-6FEE-444F-A5E9-838C851F54A5}.Debug|Any CPU.ActiveCfg = Debug|Any CPU
		{1534F66C-6FEE-444F-A5E9-838C851F54A5}.Debug|Any CPU.Build.0 = Debug|Any CPU
		{1534F66C-6FEE-444F-A5E9-838C851F54A5}.Release|Any CPU.ActiveCfg = Release|Any CPU
		{1534F66C-6FEE-444F-A5E9-838C851F54A5}.Release|Any CPU.Build.0 = Release|Any CPU
		{36EA0160-930D-492A-A35C-9BBDA4CCE6B5}.Debug|Any CPU.ActiveCfg = Debug|Any CPU
		{36EA0160-930D-492A-A35C-9BBDA4CCE6B5}.Debug|Any CPU.Build.0 = Debug|Any CPU
		{36EA0160-930D-492A-A35C-9BBDA4CCE6B5}.Release|Any CPU.ActiveCfg = Release|Any CPU
		{36EA0160-930D-492A-A35C-9BBDA4CCE6B5}.Release|Any CPU.Build.0 = Release|Any CPU
		{EE71B217-B67F-4291-A8E4-1E091C3D7A46}.Debug|Any CPU.ActiveCfg = Debug|Any CPU
		{EE71B217-B67F-4291-A8E4-1E091C3D7A46}.Debug|Any CPU.Build.0 = Debug|Any CPU
		{EE71B217-B67F-4291-A8E4-1E091C3D7A46}.Release|Any CPU.ActiveCfg = Release|Any CPU
		{EE71B217-B67F-4291-A8E4-1E091C3D7A46}.Release|Any CPU.Build.0 = Release|Any CPU
		{E2B1F41A-EE8E-45C3-A25E-DD84C78A0F1C}.Debug|Any CPU.ActiveCfg = Debug|Any CPU
		{E2B1F41A-EE8E-45C3-A25E-DD84C78A0F1C}.Debug|Any CPU.Build.0 = Debug|Any CPU
		{E2B1F41A-EE8E-45C3-A25E-DD84C78A0F1C}.Release|Any CPU.ActiveCfg = Release|Any CPU
		{E2B1F41A-EE8E-45C3-A25E-DD84C78A0F1C}.Release|Any CPU.Build.0 = Release|Any CPU
		{E42000BB-671E-433C-B70B-5C300179748C}.Debug|Any CPU.ActiveCfg = Debug|Any CPU
		{E42000BB-671E-433C-B70B-5C300179748C}.Debug|Any CPU.Build.0 = Debug|Any CPU
		{E42000BB-671E-433C-B70B-5C300179748C}.Release|Any CPU.ActiveCfg = Release|Any CPU
		{E42000BB-671E-433C-B70B-5C300179748C}.Release|Any CPU.Build.0 = Release|Any CPU
		{C043CBBB-FC8F-40B3-88D2-45FB9BBB92A8}.Debug|Any CPU.ActiveCfg = Debug|Any CPU
		{C043CBBB-FC8F-40B3-88D2-45FB9BBB92A8}.Debug|Any CPU.Build.0 = Debug|Any CPU
		{C043CBBB-FC8F-40B3-88D2-45FB9BBB92A8}.Release|Any CPU.ActiveCfg = Release|Any CPU
		{C043CBBB-FC8F-40B3-88D2-45FB9BBB92A8}.Release|Any CPU.Build.0 = Release|Any CPU
		{47B25B20-127E-4108-A69A-164B3CDF1080}.Debug|Any CPU.ActiveCfg = Debug|Any CPU
		{47B25B20-127E-4108-A69A-164B3CDF1080}.Debug|Any CPU.Build.0 = Debug|Any CPU
		{47B25B20-127E-4108-A69A-164B3CDF1080}.Release|Any CPU.ActiveCfg = Release|Any CPU
		{47B25B20-127E-4108-A69A-164B3CDF1080}.Release|Any CPU.Build.0 = Release|Any CPU
		{4C7E1288-B317-4168-AE7C-3291418998D5}.Debug|Any CPU.ActiveCfg = Debug|Any CPU
		{4C7E1288-B317-4168-AE7C-3291418998D5}.Debug|Any CPU.Build.0 = Debug|Any CPU
		{4C7E1288-B317-4168-AE7C-3291418998D5}.Release|Any CPU.ActiveCfg = Release|Any CPU
		{4C7E1288-B317-4168-AE7C-3291418998D5}.Release|Any CPU.Build.0 = Release|Any CPU
		{7F2F9C1A-FA15-4333-AE53-F98E64CE564F}.Debug|Any CPU.ActiveCfg = Debug|Any CPU
		{7F2F9C1A-FA15-4333-AE53-F98E64CE564F}.Debug|Any CPU.Build.0 = Debug|Any CPU
		{7F2F9C1A-FA15-4333-AE53-F98E64CE564F}.Release|Any CPU.ActiveCfg = Release|Any CPU
		{7F2F9C1A-FA15-4333-AE53-F98E64CE564F}.Release|Any CPU.Build.0 = Release|Any CPU
		{40D758FE-A284-4063-AC54-E2E0E575D845}.Debug|Any CPU.ActiveCfg = Debug|Any CPU
		{40D758FE-A284-4063-AC54-E2E0E575D845}.Debug|Any CPU.Build.0 = Debug|Any CPU
		{40D758FE-A284-4063-AC54-E2E0E575D845}.Release|Any CPU.ActiveCfg = Release|Any CPU
		{40D758FE-A284-4063-AC54-E2E0E575D845}.Release|Any CPU.Build.0 = Release|Any CPU
		{13F774A6-2E4E-469A-A95D-C986ABB3BB84}.Debug|Any CPU.ActiveCfg = Debug|Any CPU
		{13F774A6-2E4E-469A-A95D-C986ABB3BB84}.Debug|Any CPU.Build.0 = Debug|Any CPU
		{13F774A6-2E4E-469A-A95D-C986ABB3BB84}.Release|Any CPU.ActiveCfg = Release|Any CPU
		{13F774A6-2E4E-469A-A95D-C986ABB3BB84}.Release|Any CPU.Build.0 = Release|Any CPU
		{A286ACCD-F9BA-4482-8249-BD9345AF8C03}.Debug|Any CPU.ActiveCfg = Debug|Any CPU
		{A286ACCD-F9BA-4482-8249-BD9345AF8C03}.Debug|Any CPU.Build.0 = Debug|Any CPU
		{A286ACCD-F9BA-4482-8249-BD9345AF8C03}.Release|Any CPU.ActiveCfg = Release|Any CPU
		{A286ACCD-F9BA-4482-8249-BD9345AF8C03}.Release|Any CPU.Build.0 = Release|Any CPU
	EndGlobalSection
	GlobalSection(SolutionProperties) = preSolution
		HideSolutionNode = FALSE
	EndGlobalSection
EndGlobal
