
Microsoft Visual Studio Solution File, Format Version 12.00
# Visual Studio 2012
Project("{FAE04EC0-301F-11D3-BF4B-00C04F79EFBC}") = "1. IntSqrtRootException", "1. IntSqrtRootException\1. IntSqrtRootException.csproj", "{29F75300-3BEA-47CD-A286-D210AA788C22}"
EndProject
Project("{FAE04EC0-301F-11D3-BF4B-00C04F79EFBC}") = "2. ReadNumberMethodEx", "2. ReadNumberMethodEx\2. ReadNumberMethodEx.csproj", "{B5C8D662-D2B9-4F10-9D99-78A1A35A8116}"
EndProject
Project("{FAE04EC0-301F-11D3-BF4B-00C04F79EFBC}") = "3. FileReadred", "3. FileReadred\3. FileReadred.csproj", "{76785B07-FAB5-4D21-ACBF-EB03FCC2BD17}"
EndProject
Project("{FAE04EC0-301F-11D3-BF4B-00C04F79EFBC}") = "4. DownloadFile", "4. DownloadFile\4. DownloadFile.csproj", "{188C74F2-F6F8-4E2B-AC60-713763002AC9}"
EndProject
Global
	GlobalSection(SolutionConfigurationPlatforms) = preSolution
		Debug|Any CPU = Debug|Any CPU
		Release|Any CPU = Release|Any CPU
	EndGlobalSection
	GlobalSection(ProjectConfigurationPlatforms) = postSolution
		{29F75300-3BEA-47CD-A286-D210AA788C22}.Debug|Any CPU.ActiveCfg = Debug|Any CPU
		{29F75300-3BEA-47CD-A286-D210AA788C22}.Debug|Any CPU.Build.0 = Debug|Any CPU
		{29F75300-3BEA-47CD-A286-D210AA788C22}.Release|Any CPU.ActiveCfg = Release|Any CPU
		{29F75300-3BEA-47CD-A286-D210AA788C22}.Release|Any CPU.Build.0 = Release|Any CPU
		{B5C8D662-D2B9-4F10-9D99-78A1A35A8116}.Debug|Any CPU.ActiveCfg = Debug|Any CPU
		{B5C8D662-D2B9-4F10-9D99-78A1A35A8116}.Debug|Any CPU.Build.0 = Debug|Any CPU
		{B5C8D662-D2B9-4F10-9D99-78A1A35A8116}.Release|Any CPU.ActiveCfg = Release|Any CPU
		{B5C8D662-D2B9-4F10-9D99-78A1A35A8116}.Release|Any CPU.Build.0 = Release|Any CPU
		{76785B07-FAB5-4D21-ACBF-EB03FCC2BD17}.Debug|Any CPU.ActiveCfg = Debug|Any CPU
		{76785B07-FAB5-4D21-ACBF-EB03FCC2BD17}.Debug|Any CPU.Build.0 = Debug|Any CPU
		{76785B07-FAB5-4D21-ACBF-EB03FCC2BD17}.Release|Any CPU.ActiveCfg = Release|Any CPU
		{76785B07-FAB5-4D21-ACBF-EB03FCC2BD17}.Release|Any CPU.Build.0 = Release|Any CPU
		{188C74F2-F6F8-4E2B-AC60-713763002AC9}.Debug|Any CPU.ActiveCfg = Debug|Any CPU
		{188C74F2-F6F8-4E2B-AC60-713763002AC9}.Debug|Any CPU.Build.0 = Debug|Any CPU
		{188C74F2-F6F8-4E2B-AC60-713763002AC9}.Release|Any CPU.ActiveCfg = Release|Any CPU
		{188C74F2-F6F8-4E2B-AC60-713763002AC9}.Release|Any CPU.Build.0 = Release|Any CPU
	EndGlobalSection
	GlobalSection(SolutionProperties) = preSolution
		HideSolutionNode = FALSE
	EndGlobalSection
EndGlobal
